Microsoft Visual Studio Solution File, Format Version 12.00
# Visual Studio Version 17
VisualStudioVersion = 17.5.2.0
MinimumVisualStudioVersion = 10.0.40219.1
Project("{FAE04EC0-301F-11D3-BF4B-00C04F79EFBC}") = "HelloWorld", "HelloWorld\HelloWorld.csproj", "{3A798C92-DA22-B784-11D5-249F2DEA19E6}"
EndProject
Project("{FAE04EC0-301F-11D3-BF4B-00C04F79EFBC}") = "SimpleMethod", "SimpleMethod\SimpleMethod.csproj", "{0AC0DFA9-7800-E230-3234-D472A67B7804}"
EndProject
Project("{FAE04EC0-301F-11D3-BF4B-00C04F79EFBC}") = "HelperMethods", "HelperMethods\HelperMethods.csproj", "{725714FA-A87C-8F9B-3CDF-A0F0CCB39BEA}"
EndProject
Project("{FAE04EC0-301F-11D3-BF4B-00C04F79EFBC}") = "NameGeneration", "NameGeneration\NameGeneration.csproj", "{67F82273-E732-CC8A-3AFE-A4F6A92872A6}"
EndProject
Project("{FAE04EC0-301F-11D3-BF4B-00C04F79EFBC}") = "99problems", "99problems\99problems.csproj", "{9C45A425-719B-6658-D757-655A8AFA07F8}"
EndProject
Project("{FAE04EC0-301F-11D3-BF4B-00C04F79EFBC}") = "Decisions", "Decisions\Decisions.csproj", "{59E90B34-E52C-C6E7-B6FF-2687CBD46AC4}"
EndProject
Project("{FAE04EC0-301F-11D3-BF4B-00C04F79EFBC}") = "WorkingWithCollections", "WorkingWithCollections\WorkingWithCollections.csproj", "{AA4EEBEB-AA33-09FE-A3AF-AC075B794A58}"
EndProject
Project("{FAE04EC0-301F-11D3-BF4B-00C04F79EFBC}") = "Variables", "Variables\Variables.csproj", "{73A37665-115A-6C9C-33EA-44C594002D0C}"
EndProject
Project("{FAE04EC0-301F-11D3-BF4B-00C04F79EFBC}") = "WorkingWithStrings", "WorkingWithStrings\WorkingWithStrings.csproj", "{90D55C66-FE7A-F9B0-8B3E-54DDB9CFF7D2}"
EndProject
Project("{FAE04EC0-301F-11D3-BF4B-00C04F79EFBC}") = "UnderstandingScope", "UnderstandingScope\UnderstandingScope.csproj", "{AC245170-C4B2-82A7-542B-914BE203EC55}"
EndProject
Project("{FAE04EC0-301F-11D3-BF4B-00C04F79EFBC}") = "ObjectLifetime", "ObjectLifetime\ObjectLifetime.csproj", "{70F88CC6-C846-0D55-8518-E13B08AB4D67}"
EndProject
Project("{FAE04EC0-301F-11D3-BF4B-00C04F79EFBC}") = "UnderstandingArrays", "UnderstandingArrays\UnderstandingArrays.csproj", "{AB01A8D0-19C4-A2B1-C819-B6222DDF84EE}"
EndProject
Project("{FAE04EC0-301F-11D3-BF4B-00C04F79EFBC}") = "FizzBuzz", "FizzBuzz\FizzBuzz.csproj", "{219CE0B7-1C81-6150-BBFB-ADEA880ED01E}"
EndProject
Global
	GlobalSection(SolutionConfigurationPlatforms) = preSolution
		Debug|Any CPU = Debug|Any CPU
		Release|Any CPU = Release|Any CPU
	EndGlobalSection
	GlobalSection(ProjectConfigurationPlatforms) = postSolution
		{3A798C92-DA22-B784-11D5-249F2DEA19E6}.Debug|Any CPU.ActiveCfg = Debug|Any CPU
		{3A798C92-DA22-B784-11D5-249F2DEA19E6}.Debug|Any CPU.Build.0 = Debug|Any CPU
		{3A798C92-DA22-B784-11D5-249F2DEA19E6}.Release|Any CPU.ActiveCfg = Release|Any CPU
		{3A798C92-DA22-B784-11D5-249F2DEA19E6}.Release|Any CPU.Build.0 = Release|Any CPU
		{0AC0DFA9-7800-E230-3234-D472A67B7804}.Debug|Any CPU.ActiveCfg = Debug|Any CPU
		{0AC0DFA9-7800-E230-3234-D472A67B7804}.Debug|Any CPU.Build.0 = Debug|Any CPU
		{0AC0DFA9-7800-E230-3234-D472A67B7804}.Release|Any CPU.ActiveCfg = Release|Any CPU
		{0AC0DFA9-7800-E230-3234-D472A67B7804}.Release|Any CPU.Build.0 = Release|Any CPU
		{725714FA-A87C-8F9B-3CDF-A0F0CCB39BEA}.Debug|Any CPU.ActiveCfg = Debug|Any CPU
		{725714FA-A87C-8F9B-3CDF-A0F0CCB39BEA}.Debug|Any CPU.Build.0 = Debug|Any CPU
		{725714FA-A87C-8F9B-3CDF-A0F0CCB39BEA}.Release|Any CPU.ActiveCfg = Release|Any CPU
		{725714FA-A87C-8F9B-3CDF-A0F0CCB39BEA}.Release|Any CPU.Build.0 = Release|Any CPU
		{67F82273-E732-CC8A-3AFE-A4F6A92872A6}.Debug|Any CPU.ActiveCfg = Debug|Any CPU
		{67F82273-E732-CC8A-3AFE-A4F6A92872A6}.Debug|Any CPU.Build.0 = Debug|Any CPU
		{67F82273-E732-CC8A-3AFE-A4F6A92872A6}.Release|Any CPU.ActiveCfg = Release|Any CPU
		{67F82273-E732-CC8A-3AFE-A4F6A92872A6}.Release|Any CPU.Build.0 = Release|Any CPU
		{9C45A425-719B-6658-D757-655A8AFA07F8}.Debug|Any CPU.ActiveCfg = Debug|Any CPU
		{9C45A425-719B-6658-D757-655A8AFA07F8}.Debug|Any CPU.Build.0 = Debug|Any CPU
		{9C45A425-719B-6658-D757-655A8AFA07F8}.Release|Any CPU.ActiveCfg = Release|Any CPU
		{9C45A425-719B-6658-D757-655A8AFA07F8}.Release|Any CPU.Build.0 = Release|Any CPU
		{59E90B34-E52C-C6E7-B6FF-2687CBD46AC4}.Debug|Any CPU.ActiveCfg = Debug|Any CPU
		{59E90B34-E52C-C6E7-B6FF-2687CBD46AC4}.Debug|Any CPU.Build.0 = Debug|Any CPU
		{59E90B34-E52C-C6E7-B6FF-2687CBD46AC4}.Release|Any CPU.ActiveCfg = Release|Any CPU
		{59E90B34-E52C-C6E7-B6FF-2687CBD46AC4}.Release|Any CPU.Build.0 = Release|Any CPU
		{AA4EEBEB-AA33-09FE-A3AF-AC075B794A58}.Debug|Any CPU.ActiveCfg = Debug|Any CPU
		{AA4EEBEB-AA33-09FE-A3AF-AC075B794A58}.Debug|Any CPU.Build.0 = Debug|Any CPU
		{AA4EEBEB-AA33-09FE-A3AF-AC075B794A58}.Release|Any CPU.ActiveCfg = Release|Any CPU
		{AA4EEBEB-AA33-09FE-A3AF-AC075B794A58}.Release|Any CPU.Build.0 = Release|Any CPU
		{73A37665-115A-6C9C-33EA-44C594002D0C}.Debug|Any CPU.ActiveCfg = Debug|Any CPU
		{73A37665-115A-6C9C-33EA-44C594002D0C}.Debug|Any CPU.Build.0 = Debug|Any CPU
		{73A37665-115A-6C9C-33EA-44C594002D0C}.Release|Any CPU.ActiveCfg = Release|Any CPU
		{73A37665-115A-6C9C-33EA-44C594002D0C}.Release|Any CPU.Build.0 = Release|Any CPU
		{90D55C66-FE7A-F9B0-8B3E-54DDB9CFF7D2}.Debug|Any CPU.ActiveCfg = Debug|Any CPU
		{90D55C66-FE7A-F9B0-8B3E-54DDB9CFF7D2}.Debug|Any CPU.Build.0 = Debug|Any CPU
		{90D55C66-FE7A-F9B0-8B3E-54DDB9CFF7D2}.Release|Any CPU.ActiveCfg = Release|Any CPU
		{90D55C66-FE7A-F9B0-8B3E-54DDB9CFF7D2}.Release|Any CPU.Build.0 = Release|Any CPU
		{AC245170-C4B2-82A7-542B-914BE203EC55}.Debug|Any CPU.ActiveCfg = Debug|Any CPU
		{AC245170-C4B2-82A7-542B-914BE203EC55}.Debug|Any CPU.Build.0 = Debug|Any CPU
		{AC245170-C4B2-82A7-542B-914BE203EC55}.Release|Any CPU.ActiveCfg = Release|Any CPU
		{AC245170-C4B2-82A7-542B-914BE203EC55}.Release|Any CPU.Build.0 = Release|Any CPU
		{70F88CC6-C846-0D55-8518-E13B08AB4D67}.Debug|Any CPU.ActiveCfg = Debug|Any CPU
		{70F88CC6-C846-0D55-8518-E13B08AB4D67}.Debug|Any CPU.Build.0 = Debug|Any CPU
		{70F88CC6-C846-0D55-8518-E13B08AB4D67}.Release|Any CPU.ActiveCfg = Release|Any CPU
		{70F88CC6-C846-0D55-8518-E13B08AB4D67}.Release|Any CPU.Build.0 = Release|Any CPU
		{AB01A8D0-19C4-A2B1-C819-B6222DDF84EE}.Debug|Any CPU.ActiveCfg = Debug|Any CPU
		{AB01A8D0-19C4-A2B1-C819-B6222DDF84EE}.Debug|Any CPU.Build.0 = Debug|Any CPU
		{AB01A8D0-19C4-A2B1-C819-B6222DDF84EE}.Release|Any CPU.ActiveCfg = Release|Any CPU
		{AB01A8D0-19C4-A2B1-C819-B6222DDF84EE}.Release|Any CPU.Build.0 = Release|Any CPU
		{219CE0B7-1C81-6150-BBFB-ADEA880ED01E}.Debug|Any CPU.ActiveCfg = Debug|Any CPU
		{219CE0B7-1C81-6150-BBFB-ADEA880ED01E}.Debug|Any CPU.Build.0 = Debug|Any CPU
		{219CE0B7-1C81-6150-BBFB-ADEA880ED01E}.Release|Any CPU.ActiveCfg = Release|Any CPU
		{219CE0B7-1C81-6150-BBFB-ADEA880ED01E}.Release|Any CPU.Build.0 = Release|Any CPU
	EndGlobalSection
	GlobalSection(SolutionProperties) = preSolution
		HideSolutionNode = FALSE
	EndGlobalSection
	GlobalSection(ExtensibilityGlobals) = postSolution
		SolutionGuid = {FD8A2209-A99F-4554-BBD9-CDDEE17497F9}
	EndGlobalSection
EndGlobal
