
Microsoft Visual Studio Solution File, Format Version 12.00
# Visual Studio Version 17
VisualStudioVersion = 17.5.2.0
MinimumVisualStudioVersion = 10.0.40219.1
Project("{2150E333-8FDC-42A3-9474-1A3956D46DE8}") = "code-challenges", "code-challenges", "{FE05D24B-FF79-6CBC-60A1-D82B6A8B0205}"
EndProject
Project("{FAE04EC0-301F-11D3-BF4B-00C04F79EFBC}") = "NameGeneration", "code-challenges\NameGeneration\NameGeneration.csproj", "{25509EBC-F7CA-449F-A90E-6AD9B28B7D06}"
EndProject
Project("{FAE04EC0-301F-11D3-BF4B-00C04F79EFBC}") = "FizzBuzz", "code-challenges\FizzBuzz\FizzBuzz.csproj", "{8AC53B93-C759-40B6-9485-C51CA576F503}"
EndProject
Project("{FAE04EC0-301F-11D3-BF4B-00C04F79EFBC}") = "99problems", "code-challenges\99problems\99problems.csproj", "{CACA0757-1F57-4E56-A595-AA309D58EFCA}"
EndProject
Project("{2150E333-8FDC-42A3-9474-1A3956D46DE8}") = "code-alongs", "code-alongs", "{93994024-4FC4-5EA1-33A3-A8C6BAE9955A}"
EndProject
Project("{FAE04EC0-301F-11D3-BF4B-00C04F79EFBC}") = "Decisions", "code-alongs\Decisions\Decisions.csproj", "{021A7CB4-B933-46A6-A808-87F6486784EA}"
EndProject
Project("{FAE04EC0-301F-11D3-BF4B-00C04F79EFBC}") = "HelloWorld", "code-alongs\HelloWorld\HelloWorld.csproj", "{737F0B35-0482-4F8D-9272-A53B200232FB}"
EndProject
Project("{FAE04EC0-301F-11D3-BF4B-00C04F79EFBC}") = "HelperMethods", "code-alongs\HelperMethods\HelperMethods.csproj", "{C190FB50-646D-4A5E-9F68-B11C2AE5EE3A}"
EndProject
Project("{FAE04EC0-301F-11D3-BF4B-00C04F79EFBC}") = "ObjectLifetime", "code-alongs\ObjectLifetime\ObjectLifetime.csproj", "{F9390721-51FF-46B8-A998-4E8C956B2E70}"
EndProject
Project("{FAE04EC0-301F-11D3-BF4B-00C04F79EFBC}") = "SimpleMethod", "code-alongs\SimpleMethod\SimpleMethod.csproj", "{4C11C14B-E258-43E1-B68E-4A4CEA477A54}"
EndProject
Project("{FAE04EC0-301F-11D3-BF4B-00C04F79EFBC}") = "UnderstandingArrays", "code-alongs\UnderstandingArrays\UnderstandingArrays.csproj", "{04401453-626F-4780-8D70-8E668B443D4E}"
EndProject
Project("{FAE04EC0-301F-11D3-BF4B-00C04F79EFBC}") = "UnderstandingScope", "code-alongs\UnderstandingScope\UnderstandingScope.csproj", "{BF77DA6C-C199-4F1B-98BB-CCB926770546}"
EndProject
Project("{FAE04EC0-301F-11D3-BF4B-00C04F79EFBC}") = "Variables", "code-alongs\Variables\Variables.csproj", "{61ABE695-E7D7-4B30-8EE9-7CBD7F523597}"
EndProject
Project("{FAE04EC0-301F-11D3-BF4B-00C04F79EFBC}") = "WorkingWithCollections", "code-alongs\WorkingWithCollections\WorkingWithCollections.csproj", "{9BAF7674-548B-44D1-88F3-5DD76B432AED}"
EndProject
Project("{FAE04EC0-301F-11D3-BF4B-00C04F79EFBC}") = "WorkingWithStrings", "code-alongs\WorkingWithStrings\WorkingWithStrings.csproj", "{5813D465-3D21-4355-9FB0-BD959FF3AF2E}"
EndProject
Project("{FAE04EC0-301F-11D3-BF4B-00C04F79EFBC}") = "EnumsAndSwitch", "code-alongs\EnumsAndSwitch\EnumsAndSwitch.csproj", "{224A6B82-7C98-454F-AD31-D78F0026E93C}"
EndProject
Project("{FAE04EC0-301F-11D3-BF4B-00C04F79EFBC}") = "WorkingWithLINQ", "code-alongs\WorkingWithLINQ\WorkingWithLINQ.csproj", "{8929CDB8-9BE4-413F-931F-CBD1E4562D7D}"
EndProject
Project("{FAE04EC0-301F-11D3-BF4B-00C04F79EFBC}") = "EventDrivenProgramming", "code-alongs\EventDrivenProgramming\EventDrivenProgramming.csproj", "{7785E59C-1E41-4357-B68A-3E3B5B8F1146}"
EndProject
Project("{FAE04EC0-301F-11D3-BF4B-00C04F79EFBC}") = "HandlingExceptions", "code-alongs\HandlingExceptions\HandlingExceptions.csproj", "{6CDE1BAF-3FA3-4F38-BD6B-827CD279160C}"
EndProject
Project("{FAE04EC0-301F-11D3-BF4B-00C04F79EFBC}") = "BoxAndArrowDiagram", "code-challenges\BoxAndArrowDiagram\BoxAndArrowDiagram.csproj", "{D75FEF8B-D53B-4685-BCB5-2599C1BEAFD2}"
EndProject
Global
	GlobalSection(SolutionConfigurationPlatforms) = preSolution
		Debug|Any CPU = Debug|Any CPU
		Debug|x64 = Debug|x64
		Debug|x86 = Debug|x86
		Release|Any CPU = Release|Any CPU
		Release|x64 = Release|x64
		Release|x86 = Release|x86
	EndGlobalSection
	GlobalSection(ProjectConfigurationPlatforms) = postSolution
		{25509EBC-F7CA-449F-A90E-6AD9B28B7D06}.Debug|Any CPU.ActiveCfg = Debug|Any CPU
		{25509EBC-F7CA-449F-A90E-6AD9B28B7D06}.Debug|Any CPU.Build.0 = Debug|Any CPU
		{25509EBC-F7CA-449F-A90E-6AD9B28B7D06}.Debug|x64.ActiveCfg = Debug|Any CPU
		{25509EBC-F7CA-449F-A90E-6AD9B28B7D06}.Debug|x64.Build.0 = Debug|Any CPU
		{25509EBC-F7CA-449F-A90E-6AD9B28B7D06}.Debug|x86.ActiveCfg = Debug|Any CPU
		{25509EBC-F7CA-449F-A90E-6AD9B28B7D06}.Debug|x86.Build.0 = Debug|Any CPU
		{25509EBC-F7CA-449F-A90E-6AD9B28B7D06}.Release|Any CPU.ActiveCfg = Release|Any CPU
		{25509EBC-F7CA-449F-A90E-6AD9B28B7D06}.Release|Any CPU.Build.0 = Release|Any CPU
		{25509EBC-F7CA-449F-A90E-6AD9B28B7D06}.Release|x64.ActiveCfg = Release|Any CPU
		{25509EBC-F7CA-449F-A90E-6AD9B28B7D06}.Release|x64.Build.0 = Release|Any CPU
		{25509EBC-F7CA-449F-A90E-6AD9B28B7D06}.Release|x86.ActiveCfg = Release|Any CPU
		{25509EBC-F7CA-449F-A90E-6AD9B28B7D06}.Release|x86.Build.0 = Release|Any CPU
		{8AC53B93-C759-40B6-9485-C51CA576F503}.Debug|Any CPU.ActiveCfg = Debug|Any CPU
		{8AC53B93-C759-40B6-9485-C51CA576F503}.Debug|Any CPU.Build.0 = Debug|Any CPU
		{8AC53B93-C759-40B6-9485-C51CA576F503}.Debug|x64.ActiveCfg = Debug|Any CPU
		{8AC53B93-C759-40B6-9485-C51CA576F503}.Debug|x64.Build.0 = Debug|Any CPU
		{8AC53B93-C759-40B6-9485-C51CA576F503}.Debug|x86.ActiveCfg = Debug|Any CPU
		{8AC53B93-C759-40B6-9485-C51CA576F503}.Debug|x86.Build.0 = Debug|Any CPU
		{8AC53B93-C759-40B6-9485-C51CA576F503}.Release|Any CPU.ActiveCfg = Release|Any CPU
		{8AC53B93-C759-40B6-9485-C51CA576F503}.Release|Any CPU.Build.0 = Release|Any CPU
		{8AC53B93-C759-40B6-9485-C51CA576F503}.Release|x64.ActiveCfg = Release|Any CPU
		{8AC53B93-C759-40B6-9485-C51CA576F503}.Release|x64.Build.0 = Release|Any CPU
		{8AC53B93-C759-40B6-9485-C51CA576F503}.Release|x86.ActiveCfg = Release|Any CPU
		{8AC53B93-C759-40B6-9485-C51CA576F503}.Release|x86.Build.0 = Release|Any CPU
		{CACA0757-1F57-4E56-A595-AA309D58EFCA}.Debug|Any CPU.ActiveCfg = Debug|Any CPU
		{CACA0757-1F57-4E56-A595-AA309D58EFCA}.Debug|Any CPU.Build.0 = Debug|Any CPU
		{CACA0757-1F57-4E56-A595-AA309D58EFCA}.Debug|x64.ActiveCfg = Debug|Any CPU
		{CACA0757-1F57-4E56-A595-AA309D58EFCA}.Debug|x64.Build.0 = Debug|Any CPU
		{CACA0757-1F57-4E56-A595-AA309D58EFCA}.Debug|x86.ActiveCfg = Debug|Any CPU
		{CACA0757-1F57-4E56-A595-AA309D58EFCA}.Debug|x86.Build.0 = Debug|Any CPU
		{CACA0757-1F57-4E56-A595-AA309D58EFCA}.Release|Any CPU.ActiveCfg = Release|Any CPU
		{CACA0757-1F57-4E56-A595-AA309D58EFCA}.Release|Any CPU.Build.0 = Release|Any CPU
		{CACA0757-1F57-4E56-A595-AA309D58EFCA}.Release|x64.ActiveCfg = Release|Any CPU
		{CACA0757-1F57-4E56-A595-AA309D58EFCA}.Release|x64.Build.0 = Release|Any CPU
		{CACA0757-1F57-4E56-A595-AA309D58EFCA}.Release|x86.ActiveCfg = Release|Any CPU
		{CACA0757-1F57-4E56-A595-AA309D58EFCA}.Release|x86.Build.0 = Release|Any CPU
		{021A7CB4-B933-46A6-A808-87F6486784EA}.Debug|Any CPU.ActiveCfg = Debug|Any CPU
		{021A7CB4-B933-46A6-A808-87F6486784EA}.Debug|Any CPU.Build.0 = Debug|Any CPU
		{021A7CB4-B933-46A6-A808-87F6486784EA}.Debug|x64.ActiveCfg = Debug|Any CPU
		{021A7CB4-B933-46A6-A808-87F6486784EA}.Debug|x64.Build.0 = Debug|Any CPU
		{021A7CB4-B933-46A6-A808-87F6486784EA}.Debug|x86.ActiveCfg = Debug|Any CPU
		{021A7CB4-B933-46A6-A808-87F6486784EA}.Debug|x86.Build.0 = Debug|Any CPU
		{021A7CB4-B933-46A6-A808-87F6486784EA}.Release|Any CPU.ActiveCfg = Release|Any CPU
		{021A7CB4-B933-46A6-A808-87F6486784EA}.Release|Any CPU.Build.0 = Release|Any CPU
		{021A7CB4-B933-46A6-A808-87F6486784EA}.Release|x64.ActiveCfg = Release|Any CPU
		{021A7CB4-B933-46A6-A808-87F6486784EA}.Release|x64.Build.0 = Release|Any CPU
		{021A7CB4-B933-46A6-A808-87F6486784EA}.Release|x86.ActiveCfg = Release|Any CPU
		{021A7CB4-B933-46A6-A808-87F6486784EA}.Release|x86.Build.0 = Release|Any CPU
		{737F0B35-0482-4F8D-9272-A53B200232FB}.Debug|Any CPU.ActiveCfg = Debug|Any CPU
		{737F0B35-0482-4F8D-9272-A53B200232FB}.Debug|Any CPU.Build.0 = Debug|Any CPU
		{737F0B35-0482-4F8D-9272-A53B200232FB}.Debug|x64.ActiveCfg = Debug|Any CPU
		{737F0B35-0482-4F8D-9272-A53B200232FB}.Debug|x64.Build.0 = Debug|Any CPU
		{737F0B35-0482-4F8D-9272-A53B200232FB}.Debug|x86.ActiveCfg = Debug|Any CPU
		{737F0B35-0482-4F8D-9272-A53B200232FB}.Debug|x86.Build.0 = Debug|Any CPU
		{737F0B35-0482-4F8D-9272-A53B200232FB}.Release|Any CPU.ActiveCfg = Release|Any CPU
		{737F0B35-0482-4F8D-9272-A53B200232FB}.Release|Any CPU.Build.0 = Release|Any CPU
		{737F0B35-0482-4F8D-9272-A53B200232FB}.Release|x64.ActiveCfg = Release|Any CPU
		{737F0B35-0482-4F8D-9272-A53B200232FB}.Release|x64.Build.0 = Release|Any CPU
		{737F0B35-0482-4F8D-9272-A53B200232FB}.Release|x86.ActiveCfg = Release|Any CPU
		{737F0B35-0482-4F8D-9272-A53B200232FB}.Release|x86.Build.0 = Release|Any CPU
		{C190FB50-646D-4A5E-9F68-B11C2AE5EE3A}.Debug|Any CPU.ActiveCfg = Debug|Any CPU
		{C190FB50-646D-4A5E-9F68-B11C2AE5EE3A}.Debug|Any CPU.Build.0 = Debug|Any CPU
		{C190FB50-646D-4A5E-9F68-B11C2AE5EE3A}.Debug|x64.ActiveCfg = Debug|Any CPU
		{C190FB50-646D-4A5E-9F68-B11C2AE5EE3A}.Debug|x64.Build.0 = Debug|Any CPU
		{C190FB50-646D-4A5E-9F68-B11C2AE5EE3A}.Debug|x86.ActiveCfg = Debug|Any CPU
		{C190FB50-646D-4A5E-9F68-B11C2AE5EE3A}.Debug|x86.Build.0 = Debug|Any CPU
		{C190FB50-646D-4A5E-9F68-B11C2AE5EE3A}.Release|Any CPU.ActiveCfg = Release|Any CPU
		{C190FB50-646D-4A5E-9F68-B11C2AE5EE3A}.Release|Any CPU.Build.0 = Release|Any CPU
		{C190FB50-646D-4A5E-9F68-B11C2AE5EE3A}.Release|x64.ActiveCfg = Release|Any CPU
		{C190FB50-646D-4A5E-9F68-B11C2AE5EE3A}.Release|x64.Build.0 = Release|Any CPU
		{C190FB50-646D-4A5E-9F68-B11C2AE5EE3A}.Release|x86.ActiveCfg = Release|Any CPU
		{C190FB50-646D-4A5E-9F68-B11C2AE5EE3A}.Release|x86.Build.0 = Release|Any CPU
		{F9390721-51FF-46B8-A998-4E8C956B2E70}.Debug|Any CPU.ActiveCfg = Debug|Any CPU
		{F9390721-51FF-46B8-A998-4E8C956B2E70}.Debug|Any CPU.Build.0 = Debug|Any CPU
		{F9390721-51FF-46B8-A998-4E8C956B2E70}.Debug|x64.ActiveCfg = Debug|Any CPU
		{F9390721-51FF-46B8-A998-4E8C956B2E70}.Debug|x64.Build.0 = Debug|Any CPU
		{F9390721-51FF-46B8-A998-4E8C956B2E70}.Debug|x86.ActiveCfg = Debug|Any CPU
		{F9390721-51FF-46B8-A998-4E8C956B2E70}.Debug|x86.Build.0 = Debug|Any CPU
		{F9390721-51FF-46B8-A998-4E8C956B2E70}.Release|Any CPU.ActiveCfg = Release|Any CPU
		{F9390721-51FF-46B8-A998-4E8C956B2E70}.Release|Any CPU.Build.0 = Release|Any CPU
		{F9390721-51FF-46B8-A998-4E8C956B2E70}.Release|x64.ActiveCfg = Release|Any CPU
		{F9390721-51FF-46B8-A998-4E8C956B2E70}.Release|x64.Build.0 = Release|Any CPU
		{F9390721-51FF-46B8-A998-4E8C956B2E70}.Release|x86.ActiveCfg = Release|Any CPU
		{F9390721-51FF-46B8-A998-4E8C956B2E70}.Release|x86.Build.0 = Release|Any CPU
		{4C11C14B-E258-43E1-B68E-4A4CEA477A54}.Debug|Any CPU.ActiveCfg = Debug|Any CPU
		{4C11C14B-E258-43E1-B68E-4A4CEA477A54}.Debug|Any CPU.Build.0 = Debug|Any CPU
		{4C11C14B-E258-43E1-B68E-4A4CEA477A54}.Debug|x64.ActiveCfg = Debug|Any CPU
		{4C11C14B-E258-43E1-B68E-4A4CEA477A54}.Debug|x64.Build.0 = Debug|Any CPU
		{4C11C14B-E258-43E1-B68E-4A4CEA477A54}.Debug|x86.ActiveCfg = Debug|Any CPU
		{4C11C14B-E258-43E1-B68E-4A4CEA477A54}.Debug|x86.Build.0 = Debug|Any CPU
		{4C11C14B-E258-43E1-B68E-4A4CEA477A54}.Release|Any CPU.ActiveCfg = Release|Any CPU
		{4C11C14B-E258-43E1-B68E-4A4CEA477A54}.Release|Any CPU.Build.0 = Release|Any CPU
		{4C11C14B-E258-43E1-B68E-4A4CEA477A54}.Release|x64.ActiveCfg = Release|Any CPU
		{4C11C14B-E258-43E1-B68E-4A4CEA477A54}.Release|x64.Build.0 = Release|Any CPU
		{4C11C14B-E258-43E1-B68E-4A4CEA477A54}.Release|x86.ActiveCfg = Release|Any CPU
		{4C11C14B-E258-43E1-B68E-4A4CEA477A54}.Release|x86.Build.0 = Release|Any CPU
		{04401453-626F-4780-8D70-8E668B443D4E}.Debug|Any CPU.ActiveCfg = Debug|Any CPU
		{04401453-626F-4780-8D70-8E668B443D4E}.Debug|Any CPU.Build.0 = Debug|Any CPU
		{04401453-626F-4780-8D70-8E668B443D4E}.Debug|x64.ActiveCfg = Debug|Any CPU
		{04401453-626F-4780-8D70-8E668B443D4E}.Debug|x64.Build.0 = Debug|Any CPU
		{04401453-626F-4780-8D70-8E668B443D4E}.Debug|x86.ActiveCfg = Debug|Any CPU
		{04401453-626F-4780-8D70-8E668B443D4E}.Debug|x86.Build.0 = Debug|Any CPU
		{04401453-626F-4780-8D70-8E668B443D4E}.Release|Any CPU.ActiveCfg = Release|Any CPU
		{04401453-626F-4780-8D70-8E668B443D4E}.Release|Any CPU.Build.0 = Release|Any CPU
		{04401453-626F-4780-8D70-8E668B443D4E}.Release|x64.ActiveCfg = Release|Any CPU
		{04401453-626F-4780-8D70-8E668B443D4E}.Release|x64.Build.0 = Release|Any CPU
		{04401453-626F-4780-8D70-8E668B443D4E}.Release|x86.ActiveCfg = Release|Any CPU
		{04401453-626F-4780-8D70-8E668B443D4E}.Release|x86.Build.0 = Release|Any CPU
		{BF77DA6C-C199-4F1B-98BB-CCB926770546}.Debug|Any CPU.ActiveCfg = Debug|Any CPU
		{BF77DA6C-C199-4F1B-98BB-CCB926770546}.Debug|Any CPU.Build.0 = Debug|Any CPU
		{BF77DA6C-C199-4F1B-98BB-CCB926770546}.Debug|x64.ActiveCfg = Debug|Any CPU
		{BF77DA6C-C199-4F1B-98BB-CCB926770546}.Debug|x64.Build.0 = Debug|Any CPU
		{BF77DA6C-C199-4F1B-98BB-CCB926770546}.Debug|x86.ActiveCfg = Debug|Any CPU
		{BF77DA6C-C199-4F1B-98BB-CCB926770546}.Debug|x86.Build.0 = Debug|Any CPU
		{BF77DA6C-C199-4F1B-98BB-CCB926770546}.Release|Any CPU.ActiveCfg = Release|Any CPU
		{BF77DA6C-C199-4F1B-98BB-CCB926770546}.Release|Any CPU.Build.0 = Release|Any CPU
		{BF77DA6C-C199-4F1B-98BB-CCB926770546}.Release|x64.ActiveCfg = Release|Any CPU
		{BF77DA6C-C199-4F1B-98BB-CCB926770546}.Release|x64.Build.0 = Release|Any CPU
		{BF77DA6C-C199-4F1B-98BB-CCB926770546}.Release|x86.ActiveCfg = Release|Any CPU
		{BF77DA6C-C199-4F1B-98BB-CCB926770546}.Release|x86.Build.0 = Release|Any CPU
		{61ABE695-E7D7-4B30-8EE9-7CBD7F523597}.Debug|Any CPU.ActiveCfg = Debug|Any CPU
		{61ABE695-E7D7-4B30-8EE9-7CBD7F523597}.Debug|Any CPU.Build.0 = Debug|Any CPU
		{61ABE695-E7D7-4B30-8EE9-7CBD7F523597}.Debug|x64.ActiveCfg = Debug|Any CPU
		{61ABE695-E7D7-4B30-8EE9-7CBD7F523597}.Debug|x64.Build.0 = Debug|Any CPU
		{61ABE695-E7D7-4B30-8EE9-7CBD7F523597}.Debug|x86.ActiveCfg = Debug|Any CPU
		{61ABE695-E7D7-4B30-8EE9-7CBD7F523597}.Debug|x86.Build.0 = Debug|Any CPU
		{61ABE695-E7D7-4B30-8EE9-7CBD7F523597}.Release|Any CPU.ActiveCfg = Release|Any CPU
		{61ABE695-E7D7-4B30-8EE9-7CBD7F523597}.Release|Any CPU.Build.0 = Release|Any CPU
		{61ABE695-E7D7-4B30-8EE9-7CBD7F523597}.Release|x64.ActiveCfg = Release|Any CPU
		{61ABE695-E7D7-4B30-8EE9-7CBD7F523597}.Release|x64.Build.0 = Release|Any CPU
		{61ABE695-E7D7-4B30-8EE9-7CBD7F523597}.Release|x86.ActiveCfg = Release|Any CPU
		{61ABE695-E7D7-4B30-8EE9-7CBD7F523597}.Release|x86.Build.0 = Release|Any CPU
		{9BAF7674-548B-44D1-88F3-5DD76B432AED}.Debug|Any CPU.ActiveCfg = Debug|Any CPU
		{9BAF7674-548B-44D1-88F3-5DD76B432AED}.Debug|Any CPU.Build.0 = Debug|Any CPU
		{9BAF7674-548B-44D1-88F3-5DD76B432AED}.Debug|x64.ActiveCfg = Debug|Any CPU
		{9BAF7674-548B-44D1-88F3-5DD76B432AED}.Debug|x64.Build.0 = Debug|Any CPU
		{9BAF7674-548B-44D1-88F3-5DD76B432AED}.Debug|x86.ActiveCfg = Debug|Any CPU
		{9BAF7674-548B-44D1-88F3-5DD76B432AED}.Debug|x86.Build.0 = Debug|Any CPU
		{9BAF7674-548B-44D1-88F3-5DD76B432AED}.Release|Any CPU.ActiveCfg = Release|Any CPU
		{9BAF7674-548B-44D1-88F3-5DD76B432AED}.Release|Any CPU.Build.0 = Release|Any CPU
		{9BAF7674-548B-44D1-88F3-5DD76B432AED}.Release|x64.ActiveCfg = Release|Any CPU
		{9BAF7674-548B-44D1-88F3-5DD76B432AED}.Release|x64.Build.0 = Release|Any CPU
		{9BAF7674-548B-44D1-88F3-5DD76B432AED}.Release|x86.ActiveCfg = Release|Any CPU
		{9BAF7674-548B-44D1-88F3-5DD76B432AED}.Release|x86.Build.0 = Release|Any CPU
		{5813D465-3D21-4355-9FB0-BD959FF3AF2E}.Debug|Any CPU.ActiveCfg = Debug|Any CPU
		{5813D465-3D21-4355-9FB0-BD959FF3AF2E}.Debug|Any CPU.Build.0 = Debug|Any CPU
		{5813D465-3D21-4355-9FB0-BD959FF3AF2E}.Debug|x64.ActiveCfg = Debug|Any CPU
		{5813D465-3D21-4355-9FB0-BD959FF3AF2E}.Debug|x64.Build.0 = Debug|Any CPU
		{5813D465-3D21-4355-9FB0-BD959FF3AF2E}.Debug|x86.ActiveCfg = Debug|Any CPU
		{5813D465-3D21-4355-9FB0-BD959FF3AF2E}.Debug|x86.Build.0 = Debug|Any CPU
		{5813D465-3D21-4355-9FB0-BD959FF3AF2E}.Release|Any CPU.ActiveCfg = Release|Any CPU
		{5813D465-3D21-4355-9FB0-BD959FF3AF2E}.Release|Any CPU.Build.0 = Release|Any CPU
		{5813D465-3D21-4355-9FB0-BD959FF3AF2E}.Release|x64.ActiveCfg = Release|Any CPU
		{5813D465-3D21-4355-9FB0-BD959FF3AF2E}.Release|x64.Build.0 = Release|Any CPU
		{5813D465-3D21-4355-9FB0-BD959FF3AF2E}.Release|x86.ActiveCfg = Release|Any CPU
		{5813D465-3D21-4355-9FB0-BD959FF3AF2E}.Release|x86.Build.0 = Release|Any CPU
		{224A6B82-7C98-454F-AD31-D78F0026E93C}.Debug|Any CPU.ActiveCfg = Debug|Any CPU
		{224A6B82-7C98-454F-AD31-D78F0026E93C}.Debug|Any CPU.Build.0 = Debug|Any CPU
		{224A6B82-7C98-454F-AD31-D78F0026E93C}.Debug|x64.ActiveCfg = Debug|Any CPU
		{224A6B82-7C98-454F-AD31-D78F0026E93C}.Debug|x64.Build.0 = Debug|Any CPU
		{224A6B82-7C98-454F-AD31-D78F0026E93C}.Debug|x86.ActiveCfg = Debug|Any CPU
		{224A6B82-7C98-454F-AD31-D78F0026E93C}.Debug|x86.Build.0 = Debug|Any CPU
		{224A6B82-7C98-454F-AD31-D78F0026E93C}.Release|Any CPU.ActiveCfg = Release|Any CPU
		{224A6B82-7C98-454F-AD31-D78F0026E93C}.Release|Any CPU.Build.0 = Release|Any CPU
		{224A6B82-7C98-454F-AD31-D78F0026E93C}.Release|x64.ActiveCfg = Release|Any CPU
		{224A6B82-7C98-454F-AD31-D78F0026E93C}.Release|x64.Build.0 = Release|Any CPU
		{224A6B82-7C98-454F-AD31-D78F0026E93C}.Release|x86.ActiveCfg = Release|Any CPU
		{224A6B82-7C98-454F-AD31-D78F0026E93C}.Release|x86.Build.0 = Release|Any CPU
		{8929CDB8-9BE4-413F-931F-CBD1E4562D7D}.Debug|Any CPU.ActiveCfg = Debug|Any CPU
		{8929CDB8-9BE4-413F-931F-CBD1E4562D7D}.Debug|Any CPU.Build.0 = Debug|Any CPU
		{8929CDB8-9BE4-413F-931F-CBD1E4562D7D}.Debug|x64.ActiveCfg = Debug|Any CPU
		{8929CDB8-9BE4-413F-931F-CBD1E4562D7D}.Debug|x64.Build.0 = Debug|Any CPU
		{8929CDB8-9BE4-413F-931F-CBD1E4562D7D}.Debug|x86.ActiveCfg = Debug|Any CPU
		{8929CDB8-9BE4-413F-931F-CBD1E4562D7D}.Debug|x86.Build.0 = Debug|Any CPU
		{8929CDB8-9BE4-413F-931F-CBD1E4562D7D}.Release|Any CPU.ActiveCfg = Release|Any CPU
		{8929CDB8-9BE4-413F-931F-CBD1E4562D7D}.Release|Any CPU.Build.0 = Release|Any CPU
		{8929CDB8-9BE4-413F-931F-CBD1E4562D7D}.Release|x64.ActiveCfg = Release|Any CPU
		{8929CDB8-9BE4-413F-931F-CBD1E4562D7D}.Release|x64.Build.0 = Release|Any CPU
		{8929CDB8-9BE4-413F-931F-CBD1E4562D7D}.Release|x86.ActiveCfg = Release|Any CPU
		{8929CDB8-9BE4-413F-931F-CBD1E4562D7D}.Release|x86.Build.0 = Release|Any CPU
		{7785E59C-1E41-4357-B68A-3E3B5B8F1146}.Debug|Any CPU.ActiveCfg = Debug|Any CPU
		{7785E59C-1E41-4357-B68A-3E3B5B8F1146}.Debug|Any CPU.Build.0 = Debug|Any CPU
		{7785E59C-1E41-4357-B68A-3E3B5B8F1146}.Debug|x64.ActiveCfg = Debug|Any CPU
		{7785E59C-1E41-4357-B68A-3E3B5B8F1146}.Debug|x64.Build.0 = Debug|Any CPU
		{7785E59C-1E41-4357-B68A-3E3B5B8F1146}.Debug|x86.ActiveCfg = Debug|Any CPU
		{7785E59C-1E41-4357-B68A-3E3B5B8F1146}.Debug|x86.Build.0 = Debug|Any CPU
		{7785E59C-1E41-4357-B68A-3E3B5B8F1146}.Release|Any CPU.ActiveCfg = Release|Any CPU
		{7785E59C-1E41-4357-B68A-3E3B5B8F1146}.Release|Any CPU.Build.0 = Release|Any CPU
		{7785E59C-1E41-4357-B68A-3E3B5B8F1146}.Release|x64.ActiveCfg = Release|Any CPU
		{7785E59C-1E41-4357-B68A-3E3B5B8F1146}.Release|x64.Build.0 = Release|Any CPU
		{7785E59C-1E41-4357-B68A-3E3B5B8F1146}.Release|x86.ActiveCfg = Release|Any CPU
		{7785E59C-1E41-4357-B68A-3E3B5B8F1146}.Release|x86.Build.0 = Release|Any CPU
		{6CDE1BAF-3FA3-4F38-BD6B-827CD279160C}.Debug|Any CPU.ActiveCfg = Debug|Any CPU
		{6CDE1BAF-3FA3-4F38-BD6B-827CD279160C}.Debug|Any CPU.Build.0 = Debug|Any CPU
		{6CDE1BAF-3FA3-4F38-BD6B-827CD279160C}.Debug|x64.ActiveCfg = Debug|Any CPU
		{6CDE1BAF-3FA3-4F38-BD6B-827CD279160C}.Debug|x64.Build.0 = Debug|Any CPU
		{6CDE1BAF-3FA3-4F38-BD6B-827CD279160C}.Debug|x86.ActiveCfg = Debug|Any CPU
		{6CDE1BAF-3FA3-4F38-BD6B-827CD279160C}.Debug|x86.Build.0 = Debug|Any CPU
		{6CDE1BAF-3FA3-4F38-BD6B-827CD279160C}.Release|Any CPU.ActiveCfg = Release|Any CPU
		{6CDE1BAF-3FA3-4F38-BD6B-827CD279160C}.Release|Any CPU.Build.0 = Release|Any CPU
		{6CDE1BAF-3FA3-4F38-BD6B-827CD279160C}.Release|x64.ActiveCfg = Release|Any CPU
		{6CDE1BAF-3FA3-4F38-BD6B-827CD279160C}.Release|x64.Build.0 = Release|Any CPU
		{6CDE1BAF-3FA3-4F38-BD6B-827CD279160C}.Release|x86.ActiveCfg = Release|Any CPU
		{6CDE1BAF-3FA3-4F38-BD6B-827CD279160C}.Release|x86.Build.0 = Release|Any CPU
		{D75FEF8B-D53B-4685-BCB5-2599C1BEAFD2}.Debug|Any CPU.ActiveCfg = Debug|Any CPU
		{D75FEF8B-D53B-4685-BCB5-2599C1BEAFD2}.Debug|Any CPU.Build.0 = Debug|Any CPU
		{D75FEF8B-D53B-4685-BCB5-2599C1BEAFD2}.Debug|x64.ActiveCfg = Debug|Any CPU
		{D75FEF8B-D53B-4685-BCB5-2599C1BEAFD2}.Debug|x64.Build.0 = Debug|Any CPU
		{D75FEF8B-D53B-4685-BCB5-2599C1BEAFD2}.Debug|x86.ActiveCfg = Debug|Any CPU
		{D75FEF8B-D53B-4685-BCB5-2599C1BEAFD2}.Debug|x86.Build.0 = Debug|Any CPU
		{D75FEF8B-D53B-4685-BCB5-2599C1BEAFD2}.Release|Any CPU.ActiveCfg = Release|Any CPU
		{D75FEF8B-D53B-4685-BCB5-2599C1BEAFD2}.Release|Any CPU.Build.0 = Release|Any CPU
		{D75FEF8B-D53B-4685-BCB5-2599C1BEAFD2}.Release|x64.ActiveCfg = Release|Any CPU
		{D75FEF8B-D53B-4685-BCB5-2599C1BEAFD2}.Release|x64.Build.0 = Release|Any CPU
		{D75FEF8B-D53B-4685-BCB5-2599C1BEAFD2}.Release|x86.ActiveCfg = Release|Any CPU
		{D75FEF8B-D53B-4685-BCB5-2599C1BEAFD2}.Release|x86.Build.0 = Release|Any CPU
	EndGlobalSection
	GlobalSection(SolutionProperties) = preSolution
		HideSolutionNode = FALSE
	EndGlobalSection
	GlobalSection(NestedProjects) = preSolution
		{25509EBC-F7CA-449F-A90E-6AD9B28B7D06} = {FE05D24B-FF79-6CBC-60A1-D82B6A8B0205}
		{8AC53B93-C759-40B6-9485-C51CA576F503} = {FE05D24B-FF79-6CBC-60A1-D82B6A8B0205}
		{CACA0757-1F57-4E56-A595-AA309D58EFCA} = {FE05D24B-FF79-6CBC-60A1-D82B6A8B0205}
		{021A7CB4-B933-46A6-A808-87F6486784EA} = {93994024-4FC4-5EA1-33A3-A8C6BAE9955A}
		{737F0B35-0482-4F8D-9272-A53B200232FB} = {93994024-4FC4-5EA1-33A3-A8C6BAE9955A}
		{C190FB50-646D-4A5E-9F68-B11C2AE5EE3A} = {93994024-4FC4-5EA1-33A3-A8C6BAE9955A}
		{F9390721-51FF-46B8-A998-4E8C956B2E70} = {93994024-4FC4-5EA1-33A3-A8C6BAE9955A}
		{4C11C14B-E258-43E1-B68E-4A4CEA477A54} = {93994024-4FC4-5EA1-33A3-A8C6BAE9955A}
		{04401453-626F-4780-8D70-8E668B443D4E} = {93994024-4FC4-5EA1-33A3-A8C6BAE9955A}
		{BF77DA6C-C199-4F1B-98BB-CCB926770546} = {93994024-4FC4-5EA1-33A3-A8C6BAE9955A}
		{61ABE695-E7D7-4B30-8EE9-7CBD7F523597} = {93994024-4FC4-5EA1-33A3-A8C6BAE9955A}
		{9BAF7674-548B-44D1-88F3-5DD76B432AED} = {93994024-4FC4-5EA1-33A3-A8C6BAE9955A}
		{5813D465-3D21-4355-9FB0-BD959FF3AF2E} = {93994024-4FC4-5EA1-33A3-A8C6BAE9955A}
		{224A6B82-7C98-454F-AD31-D78F0026E93C} = {93994024-4FC4-5EA1-33A3-A8C6BAE9955A}
		{8929CDB8-9BE4-413F-931F-CBD1E4562D7D} = {93994024-4FC4-5EA1-33A3-A8C6BAE9955A}
		{7785E59C-1E41-4357-B68A-3E3B5B8F1146} = {93994024-4FC4-5EA1-33A3-A8C6BAE9955A}
		{6CDE1BAF-3FA3-4F38-BD6B-827CD279160C} = {93994024-4FC4-5EA1-33A3-A8C6BAE9955A}
		{D75FEF8B-D53B-4685-BCB5-2599C1BEAFD2} = {FE05D24B-FF79-6CBC-60A1-D82B6A8B0205}
	EndGlobalSection
	GlobalSection(ExtensibilityGlobals) = postSolution
		SolutionGuid = {FD8A2209-A99F-4554-BBD9-CDDEE17497F9}
	EndGlobalSection
EndGlobal
