
Microsoft Visual Studio Solution File, Format Version 12.00
# Visual Studio Version 17
VisualStudioVersion = 17.5.2.0
MinimumVisualStudioVersion = 10.0.40219.1
Project("{FAE04EC0-301F-11D3-BF4B-00C04F79EFBC}") = "HelloWorld", "HelloWorld\HelloWorld.csproj", "{3A798C92-DA22-B784-11D5-249F2DEA19E6}"
EndProject
Project("{FAE04EC0-301F-11D3-BF4B-00C04F79EFBC}") = "SimpleMethod", "SimpleMethod\SimpleMethod.csproj", "{0AC0DFA9-7800-E230-3234-D472A67B7804}"
EndProject
Project("{FAE04EC0-301F-11D3-BF4B-00C04F79EFBC}") = "HelperMethods", "HelperMethods\HelperMethods.csproj", "{725714FA-A87C-8F9B-3CDF-A0F0CCB39BEA}"
EndProject
Project("{FAE04EC0-301F-11D3-BF4B-00C04F79EFBC}") = "NameGeneration", "NameGeneration\NameGeneration.csproj", "{67F82273-E732-CC8A-3AFE-A4F6A92872A6}"
EndProject
Project("{FAE04EC0-301F-11D3-BF4B-00C04F79EFBC}") = "99problems", "99problems\99problems.csproj", "{9C45A425-719B-6658-D757-655A8AFA07F8}"
EndProject
Project("{FAE04EC0-301F-11D3-BF4B-00C04F79EFBC}") = "Decisions", "Decisions\Decisions.csproj", "{59E90B34-E52C-C6E7-B6FF-2687CBD46AC4}"
EndProject
Project("{FAE04EC0-301F-11D3-BF4B-00C04F79EFBC}") = "WorkingWithCollections", "WorkingWithCollections\WorkingWithCollections.csproj", "{AA4EEBEB-AA33-09FE-A3AF-AC075B794A58}"
EndProject
Project("{FAE04EC0-301F-11D3-BF4B-00C04F79EFBC}") = "Variables", "Variables\Variables.csproj", "{73A37665-115A-6C9C-33EA-44C594002D0C}"
EndProject
Project("{FAE04EC0-301F-11D3-BF4B-00C04F79EFBC}") = "WorkingWithStrings", "WorkingWithStrings\WorkingWithStrings.csproj", "{90D55C66-FE7A-F9B0-8B3E-54DDB9CFF7D2}"
EndProject
Project("{FAE04EC0-301F-11D3-BF4B-00C04F79EFBC}") = "UnderstandingScope", "UnderstandingScope\UnderstandingScope.csproj", "{AC245170-C4B2-82A7-542B-914BE203EC55}"
EndProject
Project("{FAE04EC0-301F-11D3-BF4B-00C04F79EFBC}") = "ObjectLifetime", "ObjectLifetime\ObjectLifetime.csproj", "{70F88CC6-C846-0D55-8518-E13B08AB4D67}"
EndProject
Project("{FAE04EC0-301F-11D3-BF4B-00C04F79EFBC}") = "UnderstandingArrays", "UnderstandingArrays\UnderstandingArrays.csproj", "{AB01A8D0-19C4-A2B1-C819-B6222DDF84EE}"
EndProject
Project("{FAE04EC0-301F-11D3-BF4B-00C04F79EFBC}") = "FizzBuzz", "FizzBuzz\FizzBuzz.csproj", "{219CE0B7-1C81-6150-BBFB-ADEA880ED01E}"
EndProject
Project("{2150E333-8FDC-42A3-9474-1A3956D46DE8}") = "code-challenges", "code-challenges", "{FE05D24B-FF79-6CBC-60A1-D82B6A8B0205}"
EndProject
Project("{FAE04EC0-301F-11D3-BF4B-00C04F79EFBC}") = "NameGeneration", "code-challenges\NameGeneration\NameGeneration.csproj", "{25509EBC-F7CA-449F-A90E-6AD9B28B7D06}"
EndProject
Project("{FAE04EC0-301F-11D3-BF4B-00C04F79EFBC}") = "FizzBuzz", "code-challenges\FizzBuzz\FizzBuzz.csproj", "{8AC53B93-C759-40B6-9485-C51CA576F503}"
EndProject
Project("{FAE04EC0-301F-11D3-BF4B-00C04F79EFBC}") = "99problems", "code-challenges\99problems\99problems.csproj", "{CACA0757-1F57-4E56-A595-AA309D58EFCA}"
EndProject
Project("{2150E333-8FDC-42A3-9474-1A3956D46DE8}") = "code-alongs", "code-alongs", "{93994024-4FC4-5EA1-33A3-A8C6BAE9955A}"
EndProject
Project("{FAE04EC0-301F-11D3-BF4B-00C04F79EFBC}") = "Decisions", "code-alongs\Decisions\Decisions.csproj", "{021A7CB4-B933-46A6-A808-87F6486784EA}"
EndProject
Project("{FAE04EC0-301F-11D3-BF4B-00C04F79EFBC}") = "HelloWorld", "code-alongs\HelloWorld\HelloWorld.csproj", "{737F0B35-0482-4F8D-9272-A53B200232FB}"
EndProject
Project("{FAE04EC0-301F-11D3-BF4B-00C04F79EFBC}") = "HelperMethods", "code-alongs\HelperMethods\HelperMethods.csproj", "{C190FB50-646D-4A5E-9F68-B11C2AE5EE3A}"
EndProject
Project("{FAE04EC0-301F-11D3-BF4B-00C04F79EFBC}") = "ObjectLifetime", "code-alongs\ObjectLifetime\ObjectLifetime.csproj", "{F9390721-51FF-46B8-A998-4E8C956B2E70}"
EndProject
Project("{FAE04EC0-301F-11D3-BF4B-00C04F79EFBC}") = "SimpleMethod", "code-alongs\SimpleMethod\SimpleMethod.csproj", "{4C11C14B-E258-43E1-B68E-4A4CEA477A54}"
EndProject
Project("{FAE04EC0-301F-11D3-BF4B-00C04F79EFBC}") = "UnderstandingArrays", "code-alongs\UnderstandingArrays\UnderstandingArrays.csproj", "{04401453-626F-4780-8D70-8E668B443D4E}"
EndProject
Project("{FAE04EC0-301F-11D3-BF4B-00C04F79EFBC}") = "UnderstandingScope", "code-alongs\UnderstandingScope\UnderstandingScope.csproj", "{BF77DA6C-C199-4F1B-98BB-CCB926770546}"
EndProject
Project("{FAE04EC0-301F-11D3-BF4B-00C04F79EFBC}") = "Variables", "code-alongs\Variables\Variables.csproj", "{61ABE695-E7D7-4B30-8EE9-7CBD7F523597}"
EndProject
Project("{FAE04EC0-301F-11D3-BF4B-00C04F79EFBC}") = "WorkingWithCollections", "code-alongs\WorkingWithCollections\WorkingWithCollections.csproj", "{9BAF7674-548B-44D1-88F3-5DD76B432AED}"
EndProject
Project("{FAE04EC0-301F-11D3-BF4B-00C04F79EFBC}") = "WorkingWithStrings", "code-alongs\WorkingWithStrings\WorkingWithStrings.csproj", "{5813D465-3D21-4355-9FB0-BD959FF3AF2E}"
EndProject
Project("{FAE04EC0-301F-11D3-BF4B-00C04F79EFBC}") = "EnumsAndSwitch", "code-alongs\EnumsAndSwitch\EnumsAndSwitch.csproj", "{224A6B82-7C98-454F-AD31-D78F0026E93C}"
EndProject
Global
	GlobalSection(SolutionConfigurationPlatforms) = preSolution
		Debug|Any CPU = Debug|Any CPU
		Debug|x64 = Debug|x64
		Debug|x86 = Debug|x86
		Release|Any CPU = Release|Any CPU
		Release|x64 = Release|x64
		Release|x86 = Release|x86
	EndGlobalSection
	GlobalSection(ProjectConfigurationPlatforms) = postSolution
		{3A798C92-DA22-B784-11D5-249F2DEA19E6}.Debug|Any CPU.ActiveCfg = Debug|Any CPU
		{3A798C92-DA22-B784-11D5-249F2DEA19E6}.Debug|Any CPU.Build.0 = Debug|Any CPU
		{3A798C92-DA22-B784-11D5-249F2DEA19E6}.Debug|x64.ActiveCfg = Debug|Any CPU
		{3A798C92-DA22-B784-11D5-249F2DEA19E6}.Debug|x64.Build.0 = Debug|Any CPU
		{3A798C92-DA22-B784-11D5-249F2DEA19E6}.Debug|x86.ActiveCfg = Debug|Any CPU
		{3A798C92-DA22-B784-11D5-249F2DEA19E6}.Debug|x86.Build.0 = Debug|Any CPU
		{3A798C92-DA22-B784-11D5-249F2DEA19E6}.Release|Any CPU.ActiveCfg = Release|Any CPU
		{3A798C92-DA22-B784-11D5-249F2DEA19E6}.Release|Any CPU.Build.0 = Release|Any CPU
		{3A798C92-DA22-B784-11D5-249F2DEA19E6}.Release|x64.ActiveCfg = Release|Any CPU
		{3A798C92-DA22-B784-11D5-249F2DEA19E6}.Release|x64.Build.0 = Release|Any CPU
		{3A798C92-DA22-B784-11D5-249F2DEA19E6}.Release|x86.ActiveCfg = Release|Any CPU
		{3A798C92-DA22-B784-11D5-249F2DEA19E6}.Release|x86.Build.0 = Release|Any CPU
		{0AC0DFA9-7800-E230-3234-D472A67B7804}.Debug|Any CPU.ActiveCfg = Debug|Any CPU
		{0AC0DFA9-7800-E230-3234-D472A67B7804}.Debug|Any CPU.Build.0 = Debug|Any CPU
		{0AC0DFA9-7800-E230-3234-D472A67B7804}.Debug|x64.ActiveCfg = Debug|Any CPU
		{0AC0DFA9-7800-E230-3234-D472A67B7804}.Debug|x64.Build.0 = Debug|Any CPU
		{0AC0DFA9-7800-E230-3234-D472A67B7804}.Debug|x86.ActiveCfg = Debug|Any CPU
		{0AC0DFA9-7800-E230-3234-D472A67B7804}.Debug|x86.Build.0 = Debug|Any CPU
		{0AC0DFA9-7800-E230-3234-D472A67B7804}.Release|Any CPU.ActiveCfg = Release|Any CPU
		{0AC0DFA9-7800-E230-3234-D472A67B7804}.Release|Any CPU.Build.0 = Release|Any CPU
		{0AC0DFA9-7800-E230-3234-D472A67B7804}.Release|x64.ActiveCfg = Release|Any CPU
		{0AC0DFA9-7800-E230-3234-D472A67B7804}.Release|x64.Build.0 = Release|Any CPU
		{0AC0DFA9-7800-E230-3234-D472A67B7804}.Release|x86.ActiveCfg = Release|Any CPU
		{0AC0DFA9-7800-E230-3234-D472A67B7804}.Release|x86.Build.0 = Release|Any CPU
		{725714FA-A87C-8F9B-3CDF-A0F0CCB39BEA}.Debug|Any CPU.ActiveCfg = Debug|Any CPU
		{725714FA-A87C-8F9B-3CDF-A0F0CCB39BEA}.Debug|Any CPU.Build.0 = Debug|Any CPU
		{725714FA-A87C-8F9B-3CDF-A0F0CCB39BEA}.Debug|x64.ActiveCfg = Debug|Any CPU
		{725714FA-A87C-8F9B-3CDF-A0F0CCB39BEA}.Debug|x64.Build.0 = Debug|Any CPU
		{725714FA-A87C-8F9B-3CDF-A0F0CCB39BEA}.Debug|x86.ActiveCfg = Debug|Any CPU
		{725714FA-A87C-8F9B-3CDF-A0F0CCB39BEA}.Debug|x86.Build.0 = Debug|Any CPU
		{725714FA-A87C-8F9B-3CDF-A0F0CCB39BEA}.Release|Any CPU.ActiveCfg = Release|Any CPU
		{725714FA-A87C-8F9B-3CDF-A0F0CCB39BEA}.Release|Any CPU.Build.0 = Release|Any CPU
		{725714FA-A87C-8F9B-3CDF-A0F0CCB39BEA}.Release|x64.ActiveCfg = Release|Any CPU
		{725714FA-A87C-8F9B-3CDF-A0F0CCB39BEA}.Release|x64.Build.0 = Release|Any CPU
		{725714FA-A87C-8F9B-3CDF-A0F0CCB39BEA}.Release|x86.ActiveCfg = Release|Any CPU
		{725714FA-A87C-8F9B-3CDF-A0F0CCB39BEA}.Release|x86.Build.0 = Release|Any CPU
		{67F82273-E732-CC8A-3AFE-A4F6A92872A6}.Debug|Any CPU.ActiveCfg = Debug|Any CPU
		{67F82273-E732-CC8A-3AFE-A4F6A92872A6}.Debug|Any CPU.Build.0 = Debug|Any CPU
		{67F82273-E732-CC8A-3AFE-A4F6A92872A6}.Debug|x64.ActiveCfg = Debug|Any CPU
		{67F82273-E732-CC8A-3AFE-A4F6A92872A6}.Debug|x64.Build.0 = Debug|Any CPU
		{67F82273-E732-CC8A-3AFE-A4F6A92872A6}.Debug|x86.ActiveCfg = Debug|Any CPU
		{67F82273-E732-CC8A-3AFE-A4F6A92872A6}.Debug|x86.Build.0 = Debug|Any CPU
		{67F82273-E732-CC8A-3AFE-A4F6A92872A6}.Release|Any CPU.ActiveCfg = Release|Any CPU
		{67F82273-E732-CC8A-3AFE-A4F6A92872A6}.Release|Any CPU.Build.0 = Release|Any CPU
		{67F82273-E732-CC8A-3AFE-A4F6A92872A6}.Release|x64.ActiveCfg = Release|Any CPU
		{67F82273-E732-CC8A-3AFE-A4F6A92872A6}.Release|x64.Build.0 = Release|Any CPU
		{67F82273-E732-CC8A-3AFE-A4F6A92872A6}.Release|x86.ActiveCfg = Release|Any CPU
		{67F82273-E732-CC8A-3AFE-A4F6A92872A6}.Release|x86.Build.0 = Release|Any CPU
		{9C45A425-719B-6658-D757-655A8AFA07F8}.Debug|Any CPU.ActiveCfg = Debug|Any CPU
		{9C45A425-719B-6658-D757-655A8AFA07F8}.Debug|Any CPU.Build.0 = Debug|Any CPU
		{9C45A425-719B-6658-D757-655A8AFA07F8}.Debug|x64.ActiveCfg = Debug|Any CPU
		{9C45A425-719B-6658-D757-655A8AFA07F8}.Debug|x64.Build.0 = Debug|Any CPU
		{9C45A425-719B-6658-D757-655A8AFA07F8}.Debug|x86.ActiveCfg = Debug|Any CPU
		{9C45A425-719B-6658-D757-655A8AFA07F8}.Debug|x86.Build.0 = Debug|Any CPU
		{9C45A425-719B-6658-D757-655A8AFA07F8}.Release|Any CPU.ActiveCfg = Release|Any CPU
		{9C45A425-719B-6658-D757-655A8AFA07F8}.Release|Any CPU.Build.0 = Release|Any CPU
		{9C45A425-719B-6658-D757-655A8AFA07F8}.Release|x64.ActiveCfg = Release|Any CPU
		{9C45A425-719B-6658-D757-655A8AFA07F8}.Release|x64.Build.0 = Release|Any CPU
		{9C45A425-719B-6658-D757-655A8AFA07F8}.Release|x86.ActiveCfg = Release|Any CPU
		{9C45A425-719B-6658-D757-655A8AFA07F8}.Release|x86.Build.0 = Release|Any CPU
		{59E90B34-E52C-C6E7-B6FF-2687CBD46AC4}.Debug|Any CPU.ActiveCfg = Debug|Any CPU
		{59E90B34-E52C-C6E7-B6FF-2687CBD46AC4}.Debug|Any CPU.Build.0 = Debug|Any CPU
		{59E90B34-E52C-C6E7-B6FF-2687CBD46AC4}.Debug|x64.ActiveCfg = Debug|Any CPU
		{59E90B34-E52C-C6E7-B6FF-2687CBD46AC4}.Debug|x64.Build.0 = Debug|Any CPU
		{59E90B34-E52C-C6E7-B6FF-2687CBD46AC4}.Debug|x86.ActiveCfg = Debug|Any CPU
		{59E90B34-E52C-C6E7-B6FF-2687CBD46AC4}.Debug|x86.Build.0 = Debug|Any CPU
		{59E90B34-E52C-C6E7-B6FF-2687CBD46AC4}.Release|Any CPU.ActiveCfg = Release|Any CPU
		{59E90B34-E52C-C6E7-B6FF-2687CBD46AC4}.Release|Any CPU.Build.0 = Release|Any CPU
		{59E90B34-E52C-C6E7-B6FF-2687CBD46AC4}.Release|x64.ActiveCfg = Release|Any CPU
		{59E90B34-E52C-C6E7-B6FF-2687CBD46AC4}.Release|x64.Build.0 = Release|Any CPU
		{59E90B34-E52C-C6E7-B6FF-2687CBD46AC4}.Release|x86.ActiveCfg = Release|Any CPU
		{59E90B34-E52C-C6E7-B6FF-2687CBD46AC4}.Release|x86.Build.0 = Release|Any CPU
		{AA4EEBEB-AA33-09FE-A3AF-AC075B794A58}.Debug|Any CPU.ActiveCfg = Debug|Any CPU
		{AA4EEBEB-AA33-09FE-A3AF-AC075B794A58}.Debug|Any CPU.Build.0 = Debug|Any CPU
		{AA4EEBEB-AA33-09FE-A3AF-AC075B794A58}.Debug|x64.ActiveCfg = Debug|Any CPU
		{AA4EEBEB-AA33-09FE-A3AF-AC075B794A58}.Debug|x64.Build.0 = Debug|Any CPU
		{AA4EEBEB-AA33-09FE-A3AF-AC075B794A58}.Debug|x86.ActiveCfg = Debug|Any CPU
		{AA4EEBEB-AA33-09FE-A3AF-AC075B794A58}.Debug|x86.Build.0 = Debug|Any CPU
		{AA4EEBEB-AA33-09FE-A3AF-AC075B794A58}.Release|Any CPU.ActiveCfg = Release|Any CPU
		{AA4EEBEB-AA33-09FE-A3AF-AC075B794A58}.Release|Any CPU.Build.0 = Release|Any CPU
		{AA4EEBEB-AA33-09FE-A3AF-AC075B794A58}.Release|x64.ActiveCfg = Release|Any CPU
		{AA4EEBEB-AA33-09FE-A3AF-AC075B794A58}.Release|x64.Build.0 = Release|Any CPU
		{AA4EEBEB-AA33-09FE-A3AF-AC075B794A58}.Release|x86.ActiveCfg = Release|Any CPU
		{AA4EEBEB-AA33-09FE-A3AF-AC075B794A58}.Release|x86.Build.0 = Release|Any CPU
		{73A37665-115A-6C9C-33EA-44C594002D0C}.Debug|Any CPU.ActiveCfg = Debug|Any CPU
		{73A37665-115A-6C9C-33EA-44C594002D0C}.Debug|Any CPU.Build.0 = Debug|Any CPU
		{73A37665-115A-6C9C-33EA-44C594002D0C}.Debug|x64.ActiveCfg = Debug|Any CPU
		{73A37665-115A-6C9C-33EA-44C594002D0C}.Debug|x64.Build.0 = Debug|Any CPU
		{73A37665-115A-6C9C-33EA-44C594002D0C}.Debug|x86.ActiveCfg = Debug|Any CPU
		{73A37665-115A-6C9C-33EA-44C594002D0C}.Debug|x86.Build.0 = Debug|Any CPU
		{73A37665-115A-6C9C-33EA-44C594002D0C}.Release|Any CPU.ActiveCfg = Release|Any CPU
		{73A37665-115A-6C9C-33EA-44C594002D0C}.Release|Any CPU.Build.0 = Release|Any CPU
		{73A37665-115A-6C9C-33EA-44C594002D0C}.Release|x64.ActiveCfg = Release|Any CPU
		{73A37665-115A-6C9C-33EA-44C594002D0C}.Release|x64.Build.0 = Release|Any CPU
		{73A37665-115A-6C9C-33EA-44C594002D0C}.Release|x86.ActiveCfg = Release|Any CPU
		{73A37665-115A-6C9C-33EA-44C594002D0C}.Release|x86.Build.0 = Release|Any CPU
		{90D55C66-FE7A-F9B0-8B3E-54DDB9CFF7D2}.Debug|Any CPU.ActiveCfg = Debug|Any CPU
		{90D55C66-FE7A-F9B0-8B3E-54DDB9CFF7D2}.Debug|Any CPU.Build.0 = Debug|Any CPU
		{90D55C66-FE7A-F9B0-8B3E-54DDB9CFF7D2}.Debug|x64.ActiveCfg = Debug|Any CPU
		{90D55C66-FE7A-F9B0-8B3E-54DDB9CFF7D2}.Debug|x64.Build.0 = Debug|Any CPU
		{90D55C66-FE7A-F9B0-8B3E-54DDB9CFF7D2}.Debug|x86.ActiveCfg = Debug|Any CPU
		{90D55C66-FE7A-F9B0-8B3E-54DDB9CFF7D2}.Debug|x86.Build.0 = Debug|Any CPU
		{90D55C66-FE7A-F9B0-8B3E-54DDB9CFF7D2}.Release|Any CPU.ActiveCfg = Release|Any CPU
		{90D55C66-FE7A-F9B0-8B3E-54DDB9CFF7D2}.Release|Any CPU.Build.0 = Release|Any CPU
		{90D55C66-FE7A-F9B0-8B3E-54DDB9CFF7D2}.Release|x64.ActiveCfg = Release|Any CPU
		{90D55C66-FE7A-F9B0-8B3E-54DDB9CFF7D2}.Release|x64.Build.0 = Release|Any CPU
		{90D55C66-FE7A-F9B0-8B3E-54DDB9CFF7D2}.Release|x86.ActiveCfg = Release|Any CPU
		{90D55C66-FE7A-F9B0-8B3E-54DDB9CFF7D2}.Release|x86.Build.0 = Release|Any CPU
		{AC245170-C4B2-82A7-542B-914BE203EC55}.Debug|Any CPU.ActiveCfg = Debug|Any CPU
		{AC245170-C4B2-82A7-542B-914BE203EC55}.Debug|Any CPU.Build.0 = Debug|Any CPU
		{AC245170-C4B2-82A7-542B-914BE203EC55}.Debug|x64.ActiveCfg = Debug|Any CPU
		{AC245170-C4B2-82A7-542B-914BE203EC55}.Debug|x64.Build.0 = Debug|Any CPU
		{AC245170-C4B2-82A7-542B-914BE203EC55}.Debug|x86.ActiveCfg = Debug|Any CPU
		{AC245170-C4B2-82A7-542B-914BE203EC55}.Debug|x86.Build.0 = Debug|Any CPU
		{AC245170-C4B2-82A7-542B-914BE203EC55}.Release|Any CPU.ActiveCfg = Release|Any CPU
		{AC245170-C4B2-82A7-542B-914BE203EC55}.Release|Any CPU.Build.0 = Release|Any CPU
		{AC245170-C4B2-82A7-542B-914BE203EC55}.Release|x64.ActiveCfg = Release|Any CPU
		{AC245170-C4B2-82A7-542B-914BE203EC55}.Release|x64.Build.0 = Release|Any CPU
		{AC245170-C4B2-82A7-542B-914BE203EC55}.Release|x86.ActiveCfg = Release|Any CPU
		{AC245170-C4B2-82A7-542B-914BE203EC55}.Release|x86.Build.0 = Release|Any CPU
		{70F88CC6-C846-0D55-8518-E13B08AB4D67}.Debug|Any CPU.ActiveCfg = Debug|Any CPU
		{70F88CC6-C846-0D55-8518-E13B08AB4D67}.Debug|Any CPU.Build.0 = Debug|Any CPU
		{70F88CC6-C846-0D55-8518-E13B08AB4D67}.Debug|x64.ActiveCfg = Debug|Any CPU
		{70F88CC6-C846-0D55-8518-E13B08AB4D67}.Debug|x64.Build.0 = Debug|Any CPU
		{70F88CC6-C846-0D55-8518-E13B08AB4D67}.Debug|x86.ActiveCfg = Debug|Any CPU
		{70F88CC6-C846-0D55-8518-E13B08AB4D67}.Debug|x86.Build.0 = Debug|Any CPU
		{70F88CC6-C846-0D55-8518-E13B08AB4D67}.Release|Any CPU.ActiveCfg = Release|Any CPU
		{70F88CC6-C846-0D55-8518-E13B08AB4D67}.Release|Any CPU.Build.0 = Release|Any CPU
		{70F88CC6-C846-0D55-8518-E13B08AB4D67}.Release|x64.ActiveCfg = Release|Any CPU
		{70F88CC6-C846-0D55-8518-E13B08AB4D67}.Release|x64.Build.0 = Release|Any CPU
		{70F88CC6-C846-0D55-8518-E13B08AB4D67}.Release|x86.ActiveCfg = Release|Any CPU
		{70F88CC6-C846-0D55-8518-E13B08AB4D67}.Release|x86.Build.0 = Release|Any CPU
		{AB01A8D0-19C4-A2B1-C819-B6222DDF84EE}.Debug|Any CPU.ActiveCfg = Debug|Any CPU
		{AB01A8D0-19C4-A2B1-C819-B6222DDF84EE}.Debug|Any CPU.Build.0 = Debug|Any CPU
		{AB01A8D0-19C4-A2B1-C819-B6222DDF84EE}.Debug|x64.ActiveCfg = Debug|Any CPU
		{AB01A8D0-19C4-A2B1-C819-B6222DDF84EE}.Debug|x64.Build.0 = Debug|Any CPU
		{AB01A8D0-19C4-A2B1-C819-B6222DDF84EE}.Debug|x86.ActiveCfg = Debug|Any CPU
		{AB01A8D0-19C4-A2B1-C819-B6222DDF84EE}.Debug|x86.Build.0 = Debug|Any CPU
		{AB01A8D0-19C4-A2B1-C819-B6222DDF84EE}.Release|Any CPU.ActiveCfg = Release|Any CPU
		{AB01A8D0-19C4-A2B1-C819-B6222DDF84EE}.Release|Any CPU.Build.0 = Release|Any CPU
		{AB01A8D0-19C4-A2B1-C819-B6222DDF84EE}.Release|x64.ActiveCfg = Release|Any CPU
		{AB01A8D0-19C4-A2B1-C819-B6222DDF84EE}.Release|x64.Build.0 = Release|Any CPU
		{AB01A8D0-19C4-A2B1-C819-B6222DDF84EE}.Release|x86.ActiveCfg = Release|Any CPU
		{AB01A8D0-19C4-A2B1-C819-B6222DDF84EE}.Release|x86.Build.0 = Release|Any CPU
		{219CE0B7-1C81-6150-BBFB-ADEA880ED01E}.Debug|Any CPU.ActiveCfg = Debug|Any CPU
		{219CE0B7-1C81-6150-BBFB-ADEA880ED01E}.Debug|Any CPU.Build.0 = Debug|Any CPU
		{219CE0B7-1C81-6150-BBFB-ADEA880ED01E}.Debug|x64.ActiveCfg = Debug|Any CPU
		{219CE0B7-1C81-6150-BBFB-ADEA880ED01E}.Debug|x64.Build.0 = Debug|Any CPU
		{219CE0B7-1C81-6150-BBFB-ADEA880ED01E}.Debug|x86.ActiveCfg = Debug|Any CPU
		{219CE0B7-1C81-6150-BBFB-ADEA880ED01E}.Debug|x86.Build.0 = Debug|Any CPU
		{219CE0B7-1C81-6150-BBFB-ADEA880ED01E}.Release|Any CPU.ActiveCfg = Release|Any CPU
		{219CE0B7-1C81-6150-BBFB-ADEA880ED01E}.Release|Any CPU.Build.0 = Release|Any CPU
		{219CE0B7-1C81-6150-BBFB-ADEA880ED01E}.Release|x64.ActiveCfg = Release|Any CPU
		{219CE0B7-1C81-6150-BBFB-ADEA880ED01E}.Release|x64.Build.0 = Release|Any CPU
		{219CE0B7-1C81-6150-BBFB-ADEA880ED01E}.Release|x86.ActiveCfg = Release|Any CPU
		{219CE0B7-1C81-6150-BBFB-ADEA880ED01E}.Release|x86.Build.0 = Release|Any CPU
		{25509EBC-F7CA-449F-A90E-6AD9B28B7D06}.Debug|Any CPU.ActiveCfg = Debug|Any CPU
		{25509EBC-F7CA-449F-A90E-6AD9B28B7D06}.Debug|Any CPU.Build.0 = Debug|Any CPU
		{25509EBC-F7CA-449F-A90E-6AD9B28B7D06}.Debug|x64.ActiveCfg = Debug|Any CPU
		{25509EBC-F7CA-449F-A90E-6AD9B28B7D06}.Debug|x64.Build.0 = Debug|Any CPU
		{25509EBC-F7CA-449F-A90E-6AD9B28B7D06}.Debug|x86.ActiveCfg = Debug|Any CPU
		{25509EBC-F7CA-449F-A90E-6AD9B28B7D06}.Debug|x86.Build.0 = Debug|Any CPU
		{25509EBC-F7CA-449F-A90E-6AD9B28B7D06}.Release|Any CPU.ActiveCfg = Release|Any CPU
		{25509EBC-F7CA-449F-A90E-6AD9B28B7D06}.Release|Any CPU.Build.0 = Release|Any CPU
		{25509EBC-F7CA-449F-A90E-6AD9B28B7D06}.Release|x64.ActiveCfg = Release|Any CPU
		{25509EBC-F7CA-449F-A90E-6AD9B28B7D06}.Release|x64.Build.0 = Release|Any CPU
		{25509EBC-F7CA-449F-A90E-6AD9B28B7D06}.Release|x86.ActiveCfg = Release|Any CPU
		{25509EBC-F7CA-449F-A90E-6AD9B28B7D06}.Release|x86.Build.0 = Release|Any CPU
		{8AC53B93-C759-40B6-9485-C51CA576F503}.Debug|Any CPU.ActiveCfg = Debug|Any CPU
		{8AC53B93-C759-40B6-9485-C51CA576F503}.Debug|Any CPU.Build.0 = Debug|Any CPU
		{8AC53B93-C759-40B6-9485-C51CA576F503}.Debug|x64.ActiveCfg = Debug|Any CPU
		{8AC53B93-C759-40B6-9485-C51CA576F503}.Debug|x64.Build.0 = Debug|Any CPU
		{8AC53B93-C759-40B6-9485-C51CA576F503}.Debug|x86.ActiveCfg = Debug|Any CPU
		{8AC53B93-C759-40B6-9485-C51CA576F503}.Debug|x86.Build.0 = Debug|Any CPU
		{8AC53B93-C759-40B6-9485-C51CA576F503}.Release|Any CPU.ActiveCfg = Release|Any CPU
		{8AC53B93-C759-40B6-9485-C51CA576F503}.Release|Any CPU.Build.0 = Release|Any CPU
		{8AC53B93-C759-40B6-9485-C51CA576F503}.Release|x64.ActiveCfg = Release|Any CPU
		{8AC53B93-C759-40B6-9485-C51CA576F503}.Release|x64.Build.0 = Release|Any CPU
		{8AC53B93-C759-40B6-9485-C51CA576F503}.Release|x86.ActiveCfg = Release|Any CPU
		{8AC53B93-C759-40B6-9485-C51CA576F503}.Release|x86.Build.0 = Release|Any CPU
		{CACA0757-1F57-4E56-A595-AA309D58EFCA}.Debug|Any CPU.ActiveCfg = Debug|Any CPU
		{CACA0757-1F57-4E56-A595-AA309D58EFCA}.Debug|Any CPU.Build.0 = Debug|Any CPU
		{CACA0757-1F57-4E56-A595-AA309D58EFCA}.Debug|x64.ActiveCfg = Debug|Any CPU
		{CACA0757-1F57-4E56-A595-AA309D58EFCA}.Debug|x64.Build.0 = Debug|Any CPU
		{CACA0757-1F57-4E56-A595-AA309D58EFCA}.Debug|x86.ActiveCfg = Debug|Any CPU
		{CACA0757-1F57-4E56-A595-AA309D58EFCA}.Debug|x86.Build.0 = Debug|Any CPU
		{CACA0757-1F57-4E56-A595-AA309D58EFCA}.Release|Any CPU.ActiveCfg = Release|Any CPU
		{CACA0757-1F57-4E56-A595-AA309D58EFCA}.Release|Any CPU.Build.0 = Release|Any CPU
		{CACA0757-1F57-4E56-A595-AA309D58EFCA}.Release|x64.ActiveCfg = Release|Any CPU
		{CACA0757-1F57-4E56-A595-AA309D58EFCA}.Release|x64.Build.0 = Release|Any CPU
		{CACA0757-1F57-4E56-A595-AA309D58EFCA}.Release|x86.ActiveCfg = Release|Any CPU
		{CACA0757-1F57-4E56-A595-AA309D58EFCA}.Release|x86.Build.0 = Release|Any CPU
		{021A7CB4-B933-46A6-A808-87F6486784EA}.Debug|Any CPU.ActiveCfg = Debug|Any CPU
		{021A7CB4-B933-46A6-A808-87F6486784EA}.Debug|Any CPU.Build.0 = Debug|Any CPU
		{021A7CB4-B933-46A6-A808-87F6486784EA}.Debug|x64.ActiveCfg = Debug|Any CPU
		{021A7CB4-B933-46A6-A808-87F6486784EA}.Debug|x64.Build.0 = Debug|Any CPU
		{021A7CB4-B933-46A6-A808-87F6486784EA}.Debug|x86.ActiveCfg = Debug|Any CPU
		{021A7CB4-B933-46A6-A808-87F6486784EA}.Debug|x86.Build.0 = Debug|Any CPU
		{021A7CB4-B933-46A6-A808-87F6486784EA}.Release|Any CPU.ActiveCfg = Release|Any CPU
		{021A7CB4-B933-46A6-A808-87F6486784EA}.Release|Any CPU.Build.0 = Release|Any CPU
		{021A7CB4-B933-46A6-A808-87F6486784EA}.Release|x64.ActiveCfg = Release|Any CPU
		{021A7CB4-B933-46A6-A808-87F6486784EA}.Release|x64.Build.0 = Release|Any CPU
		{021A7CB4-B933-46A6-A808-87F6486784EA}.Release|x86.ActiveCfg = Release|Any CPU
		{021A7CB4-B933-46A6-A808-87F6486784EA}.Release|x86.Build.0 = Release|Any CPU
		{737F0B35-0482-4F8D-9272-A53B200232FB}.Debug|Any CPU.ActiveCfg = Debug|Any CPU
		{737F0B35-0482-4F8D-9272-A53B200232FB}.Debug|Any CPU.Build.0 = Debug|Any CPU
		{737F0B35-0482-4F8D-9272-A53B200232FB}.Debug|x64.ActiveCfg = Debug|Any CPU
		{737F0B35-0482-4F8D-9272-A53B200232FB}.Debug|x64.Build.0 = Debug|Any CPU
		{737F0B35-0482-4F8D-9272-A53B200232FB}.Debug|x86.ActiveCfg = Debug|Any CPU
		{737F0B35-0482-4F8D-9272-A53B200232FB}.Debug|x86.Build.0 = Debug|Any CPU
		{737F0B35-0482-4F8D-9272-A53B200232FB}.Release|Any CPU.ActiveCfg = Release|Any CPU
		{737F0B35-0482-4F8D-9272-A53B200232FB}.Release|Any CPU.Build.0 = Release|Any CPU
		{737F0B35-0482-4F8D-9272-A53B200232FB}.Release|x64.ActiveCfg = Release|Any CPU
		{737F0B35-0482-4F8D-9272-A53B200232FB}.Release|x64.Build.0 = Release|Any CPU
		{737F0B35-0482-4F8D-9272-A53B200232FB}.Release|x86.ActiveCfg = Release|Any CPU
		{737F0B35-0482-4F8D-9272-A53B200232FB}.Release|x86.Build.0 = Release|Any CPU
		{C190FB50-646D-4A5E-9F68-B11C2AE5EE3A}.Debug|Any CPU.ActiveCfg = Debug|Any CPU
		{C190FB50-646D-4A5E-9F68-B11C2AE5EE3A}.Debug|Any CPU.Build.0 = Debug|Any CPU
		{C190FB50-646D-4A5E-9F68-B11C2AE5EE3A}.Debug|x64.ActiveCfg = Debug|Any CPU
		{C190FB50-646D-4A5E-9F68-B11C2AE5EE3A}.Debug|x64.Build.0 = Debug|Any CPU
		{C190FB50-646D-4A5E-9F68-B11C2AE5EE3A}.Debug|x86.ActiveCfg = Debug|Any CPU
		{C190FB50-646D-4A5E-9F68-B11C2AE5EE3A}.Debug|x86.Build.0 = Debug|Any CPU
		{C190FB50-646D-4A5E-9F68-B11C2AE5EE3A}.Release|Any CPU.ActiveCfg = Release|Any CPU
		{C190FB50-646D-4A5E-9F68-B11C2AE5EE3A}.Release|Any CPU.Build.0 = Release|Any CPU
		{C190FB50-646D-4A5E-9F68-B11C2AE5EE3A}.Release|x64.ActiveCfg = Release|Any CPU
		{C190FB50-646D-4A5E-9F68-B11C2AE5EE3A}.Release|x64.Build.0 = Release|Any CPU
		{C190FB50-646D-4A5E-9F68-B11C2AE5EE3A}.Release|x86.ActiveCfg = Release|Any CPU
		{C190FB50-646D-4A5E-9F68-B11C2AE5EE3A}.Release|x86.Build.0 = Release|Any CPU
		{F9390721-51FF-46B8-A998-4E8C956B2E70}.Debug|Any CPU.ActiveCfg = Debug|Any CPU
		{F9390721-51FF-46B8-A998-4E8C956B2E70}.Debug|Any CPU.Build.0 = Debug|Any CPU
		{F9390721-51FF-46B8-A998-4E8C956B2E70}.Debug|x64.ActiveCfg = Debug|Any CPU
		{F9390721-51FF-46B8-A998-4E8C956B2E70}.Debug|x64.Build.0 = Debug|Any CPU
		{F9390721-51FF-46B8-A998-4E8C956B2E70}.Debug|x86.ActiveCfg = Debug|Any CPU
		{F9390721-51FF-46B8-A998-4E8C956B2E70}.Debug|x86.Build.0 = Debug|Any CPU
		{F9390721-51FF-46B8-A998-4E8C956B2E70}.Release|Any CPU.ActiveCfg = Release|Any CPU
		{F9390721-51FF-46B8-A998-4E8C956B2E70}.Release|Any CPU.Build.0 = Release|Any CPU
		{F9390721-51FF-46B8-A998-4E8C956B2E70}.Release|x64.ActiveCfg = Release|Any CPU
		{F9390721-51FF-46B8-A998-4E8C956B2E70}.Release|x64.Build.0 = Release|Any CPU
		{F9390721-51FF-46B8-A998-4E8C956B2E70}.Release|x86.ActiveCfg = Release|Any CPU
		{F9390721-51FF-46B8-A998-4E8C956B2E70}.Release|x86.Build.0 = Release|Any CPU
		{4C11C14B-E258-43E1-B68E-4A4CEA477A54}.Debug|Any CPU.ActiveCfg = Debug|Any CPU
		{4C11C14B-E258-43E1-B68E-4A4CEA477A54}.Debug|Any CPU.Build.0 = Debug|Any CPU
		{4C11C14B-E258-43E1-B68E-4A4CEA477A54}.Debug|x64.ActiveCfg = Debug|Any CPU
		{4C11C14B-E258-43E1-B68E-4A4CEA477A54}.Debug|x64.Build.0 = Debug|Any CPU
		{4C11C14B-E258-43E1-B68E-4A4CEA477A54}.Debug|x86.ActiveCfg = Debug|Any CPU
		{4C11C14B-E258-43E1-B68E-4A4CEA477A54}.Debug|x86.Build.0 = Debug|Any CPU
		{4C11C14B-E258-43E1-B68E-4A4CEA477A54}.Release|Any CPU.ActiveCfg = Release|Any CPU
		{4C11C14B-E258-43E1-B68E-4A4CEA477A54}.Release|Any CPU.Build.0 = Release|Any CPU
		{4C11C14B-E258-43E1-B68E-4A4CEA477A54}.Release|x64.ActiveCfg = Release|Any CPU
		{4C11C14B-E258-43E1-B68E-4A4CEA477A54}.Release|x64.Build.0 = Release|Any CPU
		{4C11C14B-E258-43E1-B68E-4A4CEA477A54}.Release|x86.ActiveCfg = Release|Any CPU
		{4C11C14B-E258-43E1-B68E-4A4CEA477A54}.Release|x86.Build.0 = Release|Any CPU
		{04401453-626F-4780-8D70-8E668B443D4E}.Debug|Any CPU.ActiveCfg = Debug|Any CPU
		{04401453-626F-4780-8D70-8E668B443D4E}.Debug|Any CPU.Build.0 = Debug|Any CPU
		{04401453-626F-4780-8D70-8E668B443D4E}.Debug|x64.ActiveCfg = Debug|Any CPU
		{04401453-626F-4780-8D70-8E668B443D4E}.Debug|x64.Build.0 = Debug|Any CPU
		{04401453-626F-4780-8D70-8E668B443D4E}.Debug|x86.ActiveCfg = Debug|Any CPU
		{04401453-626F-4780-8D70-8E668B443D4E}.Debug|x86.Build.0 = Debug|Any CPU
		{04401453-626F-4780-8D70-8E668B443D4E}.Release|Any CPU.ActiveCfg = Release|Any CPU
		{04401453-626F-4780-8D70-8E668B443D4E}.Release|Any CPU.Build.0 = Release|Any CPU
		{04401453-626F-4780-8D70-8E668B443D4E}.Release|x64.ActiveCfg = Release|Any CPU
		{04401453-626F-4780-8D70-8E668B443D4E}.Release|x64.Build.0 = Release|Any CPU
		{04401453-626F-4780-8D70-8E668B443D4E}.Release|x86.ActiveCfg = Release|Any CPU
		{04401453-626F-4780-8D70-8E668B443D4E}.Release|x86.Build.0 = Release|Any CPU
		{BF77DA6C-C199-4F1B-98BB-CCB926770546}.Debug|Any CPU.ActiveCfg = Debug|Any CPU
		{BF77DA6C-C199-4F1B-98BB-CCB926770546}.Debug|Any CPU.Build.0 = Debug|Any CPU
		{BF77DA6C-C199-4F1B-98BB-CCB926770546}.Debug|x64.ActiveCfg = Debug|Any CPU
		{BF77DA6C-C199-4F1B-98BB-CCB926770546}.Debug|x64.Build.0 = Debug|Any CPU
		{BF77DA6C-C199-4F1B-98BB-CCB926770546}.Debug|x86.ActiveCfg = Debug|Any CPU
		{BF77DA6C-C199-4F1B-98BB-CCB926770546}.Debug|x86.Build.0 = Debug|Any CPU
		{BF77DA6C-C199-4F1B-98BB-CCB926770546}.Release|Any CPU.ActiveCfg = Release|Any CPU
		{BF77DA6C-C199-4F1B-98BB-CCB926770546}.Release|Any CPU.Build.0 = Release|Any CPU
		{BF77DA6C-C199-4F1B-98BB-CCB926770546}.Release|x64.ActiveCfg = Release|Any CPU
		{BF77DA6C-C199-4F1B-98BB-CCB926770546}.Release|x64.Build.0 = Release|Any CPU
		{BF77DA6C-C199-4F1B-98BB-CCB926770546}.Release|x86.ActiveCfg = Release|Any CPU
		{BF77DA6C-C199-4F1B-98BB-CCB926770546}.Release|x86.Build.0 = Release|Any CPU
		{61ABE695-E7D7-4B30-8EE9-7CBD7F523597}.Debug|Any CPU.ActiveCfg = Debug|Any CPU
		{61ABE695-E7D7-4B30-8EE9-7CBD7F523597}.Debug|Any CPU.Build.0 = Debug|Any CPU
		{61ABE695-E7D7-4B30-8EE9-7CBD7F523597}.Debug|x64.ActiveCfg = Debug|Any CPU
		{61ABE695-E7D7-4B30-8EE9-7CBD7F523597}.Debug|x64.Build.0 = Debug|Any CPU
		{61ABE695-E7D7-4B30-8EE9-7CBD7F523597}.Debug|x86.ActiveCfg = Debug|Any CPU
		{61ABE695-E7D7-4B30-8EE9-7CBD7F523597}.Debug|x86.Build.0 = Debug|Any CPU
		{61ABE695-E7D7-4B30-8EE9-7CBD7F523597}.Release|Any CPU.ActiveCfg = Release|Any CPU
		{61ABE695-E7D7-4B30-8EE9-7CBD7F523597}.Release|Any CPU.Build.0 = Release|Any CPU
		{61ABE695-E7D7-4B30-8EE9-7CBD7F523597}.Release|x64.ActiveCfg = Release|Any CPU
		{61ABE695-E7D7-4B30-8EE9-7CBD7F523597}.Release|x64.Build.0 = Release|Any CPU
		{61ABE695-E7D7-4B30-8EE9-7CBD7F523597}.Release|x86.ActiveCfg = Release|Any CPU
		{61ABE695-E7D7-4B30-8EE9-7CBD7F523597}.Release|x86.Build.0 = Release|Any CPU
		{9BAF7674-548B-44D1-88F3-5DD76B432AED}.Debug|Any CPU.ActiveCfg = Debug|Any CPU
		{9BAF7674-548B-44D1-88F3-5DD76B432AED}.Debug|Any CPU.Build.0 = Debug|Any CPU
		{9BAF7674-548B-44D1-88F3-5DD76B432AED}.Debug|x64.ActiveCfg = Debug|Any CPU
		{9BAF7674-548B-44D1-88F3-5DD76B432AED}.Debug|x64.Build.0 = Debug|Any CPU
		{9BAF7674-548B-44D1-88F3-5DD76B432AED}.Debug|x86.ActiveCfg = Debug|Any CPU
		{9BAF7674-548B-44D1-88F3-5DD76B432AED}.Debug|x86.Build.0 = Debug|Any CPU
		{9BAF7674-548B-44D1-88F3-5DD76B432AED}.Release|Any CPU.ActiveCfg = Release|Any CPU
		{9BAF7674-548B-44D1-88F3-5DD76B432AED}.Release|Any CPU.Build.0 = Release|Any CPU
		{9BAF7674-548B-44D1-88F3-5DD76B432AED}.Release|x64.ActiveCfg = Release|Any CPU
		{9BAF7674-548B-44D1-88F3-5DD76B432AED}.Release|x64.Build.0 = Release|Any CPU
		{9BAF7674-548B-44D1-88F3-5DD76B432AED}.Release|x86.ActiveCfg = Release|Any CPU
		{9BAF7674-548B-44D1-88F3-5DD76B432AED}.Release|x86.Build.0 = Release|Any CPU
		{5813D465-3D21-4355-9FB0-BD959FF3AF2E}.Debug|Any CPU.ActiveCfg = Debug|Any CPU
		{5813D465-3D21-4355-9FB0-BD959FF3AF2E}.Debug|Any CPU.Build.0 = Debug|Any CPU
		{5813D465-3D21-4355-9FB0-BD959FF3AF2E}.Debug|x64.ActiveCfg = Debug|Any CPU
		{5813D465-3D21-4355-9FB0-BD959FF3AF2E}.Debug|x64.Build.0 = Debug|Any CPU
		{5813D465-3D21-4355-9FB0-BD959FF3AF2E}.Debug|x86.ActiveCfg = Debug|Any CPU
		{5813D465-3D21-4355-9FB0-BD959FF3AF2E}.Debug|x86.Build.0 = Debug|Any CPU
		{5813D465-3D21-4355-9FB0-BD959FF3AF2E}.Release|Any CPU.ActiveCfg = Release|Any CPU
		{5813D465-3D21-4355-9FB0-BD959FF3AF2E}.Release|Any CPU.Build.0 = Release|Any CPU
		{5813D465-3D21-4355-9FB0-BD959FF3AF2E}.Release|x64.ActiveCfg = Release|Any CPU
		{5813D465-3D21-4355-9FB0-BD959FF3AF2E}.Release|x64.Build.0 = Release|Any CPU
		{5813D465-3D21-4355-9FB0-BD959FF3AF2E}.Release|x86.ActiveCfg = Release|Any CPU
		{5813D465-3D21-4355-9FB0-BD959FF3AF2E}.Release|x86.Build.0 = Release|Any CPU
		{224A6B82-7C98-454F-AD31-D78F0026E93C}.Debug|Any CPU.ActiveCfg = Debug|Any CPU
		{224A6B82-7C98-454F-AD31-D78F0026E93C}.Debug|Any CPU.Build.0 = Debug|Any CPU
		{224A6B82-7C98-454F-AD31-D78F0026E93C}.Debug|x64.ActiveCfg = Debug|Any CPU
		{224A6B82-7C98-454F-AD31-D78F0026E93C}.Debug|x64.Build.0 = Debug|Any CPU
		{224A6B82-7C98-454F-AD31-D78F0026E93C}.Debug|x86.ActiveCfg = Debug|Any CPU
		{224A6B82-7C98-454F-AD31-D78F0026E93C}.Debug|x86.Build.0 = Debug|Any CPU
		{224A6B82-7C98-454F-AD31-D78F0026E93C}.Release|Any CPU.ActiveCfg = Release|Any CPU
		{224A6B82-7C98-454F-AD31-D78F0026E93C}.Release|Any CPU.Build.0 = Release|Any CPU
		{224A6B82-7C98-454F-AD31-D78F0026E93C}.Release|x64.ActiveCfg = Release|Any CPU
		{224A6B82-7C98-454F-AD31-D78F0026E93C}.Release|x64.Build.0 = Release|Any CPU
		{224A6B82-7C98-454F-AD31-D78F0026E93C}.Release|x86.ActiveCfg = Release|Any CPU
		{224A6B82-7C98-454F-AD31-D78F0026E93C}.Release|x86.Build.0 = Release|Any CPU
	EndGlobalSection
	GlobalSection(SolutionProperties) = preSolution
		HideSolutionNode = FALSE
	EndGlobalSection
	GlobalSection(NestedProjects) = preSolution
		{25509EBC-F7CA-449F-A90E-6AD9B28B7D06} = {FE05D24B-FF79-6CBC-60A1-D82B6A8B0205}
		{8AC53B93-C759-40B6-9485-C51CA576F503} = {FE05D24B-FF79-6CBC-60A1-D82B6A8B0205}
		{CACA0757-1F57-4E56-A595-AA309D58EFCA} = {FE05D24B-FF79-6CBC-60A1-D82B6A8B0205}
		{021A7CB4-B933-46A6-A808-87F6486784EA} = {93994024-4FC4-5EA1-33A3-A8C6BAE9955A}
		{737F0B35-0482-4F8D-9272-A53B200232FB} = {93994024-4FC4-5EA1-33A3-A8C6BAE9955A}
		{C190FB50-646D-4A5E-9F68-B11C2AE5EE3A} = {93994024-4FC4-5EA1-33A3-A8C6BAE9955A}
		{F9390721-51FF-46B8-A998-4E8C956B2E70} = {93994024-4FC4-5EA1-33A3-A8C6BAE9955A}
		{4C11C14B-E258-43E1-B68E-4A4CEA477A54} = {93994024-4FC4-5EA1-33A3-A8C6BAE9955A}
		{04401453-626F-4780-8D70-8E668B443D4E} = {93994024-4FC4-5EA1-33A3-A8C6BAE9955A}
		{BF77DA6C-C199-4F1B-98BB-CCB926770546} = {93994024-4FC4-5EA1-33A3-A8C6BAE9955A}
		{61ABE695-E7D7-4B30-8EE9-7CBD7F523597} = {93994024-4FC4-5EA1-33A3-A8C6BAE9955A}
		{9BAF7674-548B-44D1-88F3-5DD76B432AED} = {93994024-4FC4-5EA1-33A3-A8C6BAE9955A}
		{5813D465-3D21-4355-9FB0-BD959FF3AF2E} = {93994024-4FC4-5EA1-33A3-A8C6BAE9955A}
		{224A6B82-7C98-454F-AD31-D78F0026E93C} = {93994024-4FC4-5EA1-33A3-A8C6BAE9955A}
	EndGlobalSection
	GlobalSection(ExtensibilityGlobals) = postSolution
		SolutionGuid = {FD8A2209-A99F-4554-BBD9-CDDEE17497F9}
	EndGlobalSection
EndGlobal
